
Microsoft Visual Studio Solution File, Format Version 12.00
# Visual Studio 15
VisualStudioVersion = 15.0.28010.2026
MinimumVisualStudioVersion = 10.0.40219.1
Project("{FAE04EC0-301F-11D3-BF4B-00C04F79EFBC}") = "SchoolMealFinder", "SchoolMealFinder\SchoolMealFinder.csproj", "{44FFCA02-7D9D-4DBB-AC1B-E8A06C1AEE28}"
EndProject
Global
	GlobalSection(SolutionConfigurationPlatforms) = preSolution
		Debug|Any CPU = Debug|Any CPU
		Release|Any CPU = Release|Any CPU
	EndGlobalSection
	GlobalSection(ProjectConfigurationPlatforms) = postSolution
		{44FFCA02-7D9D-4DBB-AC1B-E8A06C1AEE28}.Debug|Any CPU.ActiveCfg = Debug|Any CPU
		{44FFCA02-7D9D-4DBB-AC1B-E8A06C1AEE28}.Debug|Any CPU.Build.0 = Debug|Any CPU
		{44FFCA02-7D9D-4DBB-AC1B-E8A06C1AEE28}.Release|Any CPU.ActiveCfg = Release|Any CPU
		{44FFCA02-7D9D-4DBB-AC1B-E8A06C1AEE28}.Release|Any CPU.Build.0 = Release|Any CPU
	EndGlobalSection
	GlobalSection(SolutionProperties) = preSolution
		HideSolutionNode = FALSE
	EndGlobalSection
	GlobalSection(ExtensibilityGlobals) = postSolution
		SolutionGuid = {244A900D-FD9E-4FE5-A29A-0638105142CA}
	EndGlobalSection
EndGlobal
